// !$*UTF8*$!
{
	archiveVersion = 1;
	classes = {
	};
	objectVersion = 48;
	objects = {

/* Begin PBXBuildFile section */
		6AAEC452598364D3A317CFA5 /* Pods_ARukeTests.framework in Frameworks */ = {isa = PBXBuildFile; fileRef = 743EF61749857DACD641D0ED /* Pods_ARukeTests.framework */; };
		6D99BB4BFE87E7FCD80209BB /* Pods_ARukeUITests.framework in Frameworks */ = {isa = PBXBuildFile; fileRef = ADEFC53DE2B645E4A9E56D44 /* Pods_ARukeUITests.framework */; };
		B09D26F11FA5BECC005F7904 /* MapErrorController.swift in Sources */ = {isa = PBXBuildFile; fileRef = B09D26EE1FA5BECB005F7904 /* MapErrorController.swift */; };
		B09D26F31FA5BECC005F7904 /* MapRouteManager.swift in Sources */ = {isa = PBXBuildFile; fileRef = B09D26F01FA5BECC005F7904 /* MapRouteManager.swift */; };
		B0C3EA581F96FC7600385081 /* AppDelegate.swift in Sources */ = {isa = PBXBuildFile; fileRef = B0C3EA571F96FC7600385081 /* AppDelegate.swift */; };
		B0C3EA5A1F96FC7600385081 /* art.scnassets in Resources */ = {isa = PBXBuildFile; fileRef = B0C3EA591F96FC7600385081 /* art.scnassets */; };
		B0C3EA5C1F96FC7600385081 /* ViewController.swift in Sources */ = {isa = PBXBuildFile; fileRef = B0C3EA5B1F96FC7600385081 /* ViewController.swift */; };
		B0C3EA5F1F96FC7600385081 /* Main.storyboard in Resources */ = {isa = PBXBuildFile; fileRef = B0C3EA5D1F96FC7600385081 /* Main.storyboard */; };
		B0C3EA611F96FC7600385081 /* Assets.xcassets in Resources */ = {isa = PBXBuildFile; fileRef = B0C3EA601F96FC7600385081 /* Assets.xcassets */; };
		B0C3EA641F96FC7600385081 /* LaunchScreen.storyboard in Resources */ = {isa = PBXBuildFile; fileRef = B0C3EA621F96FC7600385081 /* LaunchScreen.storyboard */; };
		B0C3EA6F1F96FC7700385081 /* ARukeTests.swift in Sources */ = {isa = PBXBuildFile; fileRef = B0C3EA6E1F96FC7700385081 /* ARukeTests.swift */; };
		B0C3EA7A1F96FC7700385081 /* ARukeUITests.swift in Sources */ = {isa = PBXBuildFile; fileRef = B0C3EA791F96FC7700385081 /* ARukeUITests.swift */; };
		F00B58151FA45AA60018C429 /* PlaneEvent.swift in Sources */ = {isa = PBXBuildFile; fileRef = F00B58141FA45AA60018C429 /* PlaneEvent.swift */; };
		F00B58171FA45C970018C429 /* TapEvent.swift in Sources */ = {isa = PBXBuildFile; fileRef = F00B58161FA45C970018C429 /* TapEvent.swift */; };
		F00B58191FA4612A0018C429 /* ObjectManager.swift in Sources */ = {isa = PBXBuildFile; fileRef = F00B58181FA4612A0018C429 /* ObjectManager.swift */; };
		F09AF1451FA235B100E1FE13 /* EventAnime.swift in Sources */ = {isa = PBXBuildFile; fileRef = F09AF1441FA235B100E1FE13 /* EventAnime.swift */; };
		F0DA5DCF1FA627CB00407B89 /* QuizController.swift in Sources */ = {isa = PBXBuildFile; fileRef = F0DA5DCE1FA627CB00407B89 /* QuizController.swift */; };
		F0DA5DD11FA627F500407B89 /* QuizController.storyboard in Resources */ = {isa = PBXBuildFile; fileRef = F0DA5DD01FA627F500407B89 /* QuizController.storyboard */; };
		F0DA5DD31FA6DC7900407B89 /* QuizEventManager.swift in Sources */ = {isa = PBXBuildFile; fileRef = F0DA5DD21FA6DC7900407B89 /* QuizEventManager.swift */; };
		F0DD10FE1FA0233C006048AD /* Score.swift in Sources */ = {isa = PBXBuildFile; fileRef = F0DD10FD1FA0233C006048AD /* Score.swift */; };
		F0E1F9B91F9BCADA00555BC0 /* yurumoji.ttf in Resources */ = {isa = PBXBuildFile; fileRef = F0E1F9B81F9BC1BD00555BC0 /* yurumoji.ttf */; };
		F0E1F9BC1F9C552D00555BC0 /* MapController.swift in Sources */ = {isa = PBXBuildFile; fileRef = F0E1F9BB1F9C552D00555BC0 /* MapController.swift */; };
		F0E1F9BE1F9C6DE800555BC0 /* Alamofire.framework in Frameworks */ = {isa = PBXBuildFile; fileRef = F0E1F9BF1F9C6DE800555BC0 /* Alamofire.framework */; };
		F0E1F9C01F9C6DEB00555BC0 /* Keys.framework in Frameworks */ = {isa = PBXBuildFile; fileRef = F0E1F9C11F9C6DEB00555BC0 /* Keys.framework */; };
		F0E1F9C21F9C6DEF00555BC0 /* SwiftyJSON.framework in Frameworks */ = {isa = PBXBuildFile; fileRef = F0E1F9C31F9C6DEF00555BC0 /* SwiftyJSON.framework */; };
		F0E1F9C41F9C72FA00555BC0 /* Map.storyboard in Resources */ = {isa = PBXBuildFile; fileRef = F0E1F9BA1F9C551E00555BC0 /* Map.storyboard */; };
		F0E1F9C81F9E3E9100555BC0 /* Plane.swift in Sources */ = {isa = PBXBuildFile; fileRef = F0E1F9C71F9E3E9100555BC0 /* Plane.swift */; };
		F0E1F9CC1F9ED89200555BC0 /* ResultController.swift in Sources */ = {isa = PBXBuildFile; fileRef = F0E1F9CB1F9ED89200555BC0 /* ResultController.swift */; };
		F0E1F9CE1F9EDD3C00555BC0 /* Result.storyboard in Resources */ = {isa = PBXBuildFile; fileRef = F0E1F9CD1F9EDCAA00555BC0 /* Result.storyboard */; };
		F0E794C21F98EF9C006CA3A1 /* EventController.swift in Sources */ = {isa = PBXBuildFile; fileRef = F0E794C11F98EF9C006CA3A1 /* EventController.swift */; };
		F0E794C41F98F710006CA3A1 /* EventControlle.storyboard in Resources */ = {isa = PBXBuildFile; fileRef = F0E794C31F98F710006CA3A1 /* EventControlle.storyboard */; };
		F1160ACB685DC7BEDA343670 /* Pods_ARuke.framework in Frameworks */ = {isa = PBXBuildFile; fileRef = E8BEF0CB163B9958E217B93E /* Pods_ARuke.framework */; };
/* End PBXBuildFile section */

/* Begin PBXContainerItemProxy section */
		B0C3EA6B1F96FC7700385081 /* PBXContainerItemProxy */ = {
			isa = PBXContainerItemProxy;
			containerPortal = B0C3EA4C1F96FC7600385081 /* Project object */;
			proxyType = 1;
			remoteGlobalIDString = B0C3EA531F96FC7600385081;
			remoteInfo = ARuke;
		};
		B0C3EA761F96FC7700385081 /* PBXContainerItemProxy */ = {
			isa = PBXContainerItemProxy;
			containerPortal = B0C3EA4C1F96FC7600385081 /* Project object */;
			proxyType = 1;
			remoteGlobalIDString = B0C3EA531F96FC7600385081;
			remoteInfo = ARuke;
		};
/* End PBXContainerItemProxy section */

/* Begin PBXFileReference section */
		2ADD0C146D44727C67C4CEFC /* Pods-ARuke.release.xcconfig */ = {isa = PBXFileReference; includeInIndex = 1; lastKnownFileType = text.xcconfig; name = "Pods-ARuke.release.xcconfig"; path = "Pods/Target Support Files/Pods-ARuke/Pods-ARuke.release.xcconfig"; sourceTree = "<group>"; };
		2C8899FBD93CECB66DF2AC8D /* Pods-ARuke.debug.xcconfig */ = {isa = PBXFileReference; includeInIndex = 1; lastKnownFileType = text.xcconfig; name = "Pods-ARuke.debug.xcconfig"; path = "Pods/Target Support Files/Pods-ARuke/Pods-ARuke.debug.xcconfig"; sourceTree = "<group>"; };
		5E00FF6AD8B43D4A0769262F /* Pods-ARukeTests.release.xcconfig */ = {isa = PBXFileReference; includeInIndex = 1; lastKnownFileType = text.xcconfig; name = "Pods-ARukeTests.release.xcconfig"; path = "Pods/Target Support Files/Pods-ARukeTests/Pods-ARukeTests.release.xcconfig"; sourceTree = "<group>"; };
		743EF61749857DACD641D0ED /* Pods_ARukeTests.framework */ = {isa = PBXFileReference; explicitFileType = wrapper.framework; includeInIndex = 0; path = Pods_ARukeTests.framework; sourceTree = BUILT_PRODUCTS_DIR; };
		ADEFC53DE2B645E4A9E56D44 /* Pods_ARukeUITests.framework */ = {isa = PBXFileReference; explicitFileType = wrapper.framework; includeInIndex = 0; path = Pods_ARukeUITests.framework; sourceTree = BUILT_PRODUCTS_DIR; };
		B09D26EE1FA5BECB005F7904 /* MapErrorController.swift */ = {isa = PBXFileReference; fileEncoding = 4; lastKnownFileType = sourcecode.swift; path = MapErrorController.swift; sourceTree = "<group>"; };
		B09D26F01FA5BECC005F7904 /* MapRouteManager.swift */ = {isa = PBXFileReference; fileEncoding = 4; lastKnownFileType = sourcecode.swift; path = MapRouteManager.swift; sourceTree = "<group>"; };
		B0C3EA541F96FC7600385081 /* ARuke.app */ = {isa = PBXFileReference; explicitFileType = wrapper.application; includeInIndex = 0; path = ARuke.app; sourceTree = BUILT_PRODUCTS_DIR; };
		B0C3EA571F96FC7600385081 /* AppDelegate.swift */ = {isa = PBXFileReference; lastKnownFileType = sourcecode.swift; path = AppDelegate.swift; sourceTree = "<group>"; };
		B0C3EA591F96FC7600385081 /* art.scnassets */ = {isa = PBXFileReference; lastKnownFileType = wrapper.scnassets; path = art.scnassets; sourceTree = "<group>"; };
		B0C3EA5B1F96FC7600385081 /* ViewController.swift */ = {isa = PBXFileReference; lastKnownFileType = sourcecode.swift; path = ViewController.swift; sourceTree = "<group>"; };
		B0C3EA5E1F96FC7600385081 /* Base */ = {isa = PBXFileReference; lastKnownFileType = file.storyboard; name = Base; path = Base.lproj/Main.storyboard; sourceTree = "<group>"; };
		B0C3EA601F96FC7600385081 /* Assets.xcassets */ = {isa = PBXFileReference; lastKnownFileType = folder.assetcatalog; path = Assets.xcassets; sourceTree = "<group>"; };
		B0C3EA631F96FC7600385081 /* Base */ = {isa = PBXFileReference; lastKnownFileType = file.storyboard; name = Base; path = Base.lproj/LaunchScreen.storyboard; sourceTree = "<group>"; };
		B0C3EA651F96FC7600385081 /* Info.plist */ = {isa = PBXFileReference; lastKnownFileType = text.plist.xml; path = Info.plist; sourceTree = "<group>"; };
		B0C3EA6A1F96FC7700385081 /* ARukeTests.xctest */ = {isa = PBXFileReference; explicitFileType = wrapper.cfbundle; includeInIndex = 0; path = ARukeTests.xctest; sourceTree = BUILT_PRODUCTS_DIR; };
		B0C3EA6E1F96FC7700385081 /* ARukeTests.swift */ = {isa = PBXFileReference; lastKnownFileType = sourcecode.swift; path = ARukeTests.swift; sourceTree = "<group>"; };
		B0C3EA701F96FC7700385081 /* Info.plist */ = {isa = PBXFileReference; lastKnownFileType = text.plist.xml; path = Info.plist; sourceTree = "<group>"; };
		B0C3EA751F96FC7700385081 /* ARukeUITests.xctest */ = {isa = PBXFileReference; explicitFileType = wrapper.cfbundle; includeInIndex = 0; path = ARukeUITests.xctest; sourceTree = BUILT_PRODUCTS_DIR; };
		B0C3EA791F96FC7700385081 /* ARukeUITests.swift */ = {isa = PBXFileReference; lastKnownFileType = sourcecode.swift; path = ARukeUITests.swift; sourceTree = "<group>"; };
		B0C3EA7B1F96FC7700385081 /* Info.plist */ = {isa = PBXFileReference; lastKnownFileType = text.plist.xml; path = Info.plist; sourceTree = "<group>"; };
		B7E9598C201EC3520D2AC1DB /* Pods-ARukeUITests.release.xcconfig */ = {isa = PBXFileReference; includeInIndex = 1; lastKnownFileType = text.xcconfig; name = "Pods-ARukeUITests.release.xcconfig"; path = "Pods/Target Support Files/Pods-ARukeUITests/Pods-ARukeUITests.release.xcconfig"; sourceTree = "<group>"; };
		BF306D50BC08F376AFBDCED9 /* Pods-ARukeUITests.debug.xcconfig */ = {isa = PBXFileReference; includeInIndex = 1; lastKnownFileType = text.xcconfig; name = "Pods-ARukeUITests.debug.xcconfig"; path = "Pods/Target Support Files/Pods-ARukeUITests/Pods-ARukeUITests.debug.xcconfig"; sourceTree = "<group>"; };
		E8BEF0CB163B9958E217B93E /* Pods_ARuke.framework */ = {isa = PBXFileReference; explicitFileType = wrapper.framework; includeInIndex = 0; path = Pods_ARuke.framework; sourceTree = BUILT_PRODUCTS_DIR; };
		F00B58141FA45AA60018C429 /* PlaneEvent.swift */ = {isa = PBXFileReference; lastKnownFileType = sourcecode.swift; path = PlaneEvent.swift; sourceTree = "<group>"; };
		F00B58161FA45C970018C429 /* TapEvent.swift */ = {isa = PBXFileReference; lastKnownFileType = sourcecode.swift; path = TapEvent.swift; sourceTree = "<group>"; };
		F00B58181FA4612A0018C429 /* ObjectManager.swift */ = {isa = PBXFileReference; lastKnownFileType = sourcecode.swift; path = ObjectManager.swift; sourceTree = "<group>"; };
		F09AF1441FA235B100E1FE13 /* EventAnime.swift */ = {isa = PBXFileReference; lastKnownFileType = sourcecode.swift; path = EventAnime.swift; sourceTree = "<group>"; };
		F0DA5DCE1FA627CB00407B89 /* QuizController.swift */ = {isa = PBXFileReference; lastKnownFileType = sourcecode.swift; path = QuizController.swift; sourceTree = "<group>"; };
		F0DA5DD01FA627F500407B89 /* QuizController.storyboard */ = {isa = PBXFileReference; lastKnownFileType = file.storyboard; path = QuizController.storyboard; sourceTree = "<group>"; };
		F0DA5DD21FA6DC7900407B89 /* QuizEventManager.swift */ = {isa = PBXFileReference; lastKnownFileType = sourcecode.swift; path = QuizEventManager.swift; sourceTree = "<group>"; };
		F0DD10FD1FA0233C006048AD /* Score.swift */ = {isa = PBXFileReference; lastKnownFileType = sourcecode.swift; path = Score.swift; sourceTree = "<group>"; };
		F0E1F9B81F9BC1BD00555BC0 /* yurumoji.ttf */ = {isa = PBXFileReference; lastKnownFileType = file; path = yurumoji.ttf; sourceTree = "<group>"; };
		F0E1F9BA1F9C551E00555BC0 /* Map.storyboard */ = {isa = PBXFileReference; lastKnownFileType = file.storyboard; path = Map.storyboard; sourceTree = "<group>"; };
		F0E1F9BB1F9C552D00555BC0 /* MapController.swift */ = {isa = PBXFileReference; lastKnownFileType = sourcecode.swift; path = MapController.swift; sourceTree = "<group>"; };
		F0E1F9BF1F9C6DE800555BC0 /* Alamofire.framework */ = {isa = PBXFileReference; explicitFileType = wrapper.framework; path = Alamofire.framework; sourceTree = BUILT_PRODUCTS_DIR; };
		F0E1F9C11F9C6DEB00555BC0 /* Keys.framework */ = {isa = PBXFileReference; explicitFileType = wrapper.framework; path = Keys.framework; sourceTree = BUILT_PRODUCTS_DIR; };
		F0E1F9C31F9C6DEF00555BC0 /* SwiftyJSON.framework */ = {isa = PBXFileReference; explicitFileType = wrapper.framework; path = SwiftyJSON.framework; sourceTree = BUILT_PRODUCTS_DIR; };
		F0E1F9C71F9E3E9100555BC0 /* Plane.swift */ = {isa = PBXFileReference; lastKnownFileType = sourcecode.swift; path = Plane.swift; sourceTree = "<group>"; };
		F0E1F9CB1F9ED89200555BC0 /* ResultController.swift */ = {isa = PBXFileReference; lastKnownFileType = sourcecode.swift; path = ResultController.swift; sourceTree = "<group>"; };
		F0E1F9CD1F9EDCAA00555BC0 /* Result.storyboard */ = {isa = PBXFileReference; lastKnownFileType = file.storyboard; path = Result.storyboard; sourceTree = "<group>"; };
		F0E794C11F98EF9C006CA3A1 /* EventController.swift */ = {isa = PBXFileReference; lastKnownFileType = sourcecode.swift; path = EventController.swift; sourceTree = "<group>"; };
		F0E794C31F98F710006CA3A1 /* EventControlle.storyboard */ = {isa = PBXFileReference; lastKnownFileType = file.storyboard; path = EventControlle.storyboard; sourceTree = "<group>"; };
		FF0DC3E6B336F5A5DD70E946 /* Pods-ARukeTests.debug.xcconfig */ = {isa = PBXFileReference; includeInIndex = 1; lastKnownFileType = text.xcconfig; name = "Pods-ARukeTests.debug.xcconfig"; path = "Pods/Target Support Files/Pods-ARukeTests/Pods-ARukeTests.debug.xcconfig"; sourceTree = "<group>"; };
/* End PBXFileReference section */

/* Begin PBXFrameworksBuildPhase section */
		B0C3EA511F96FC7600385081 /* Frameworks */ = {
			isa = PBXFrameworksBuildPhase;
			buildActionMask = 2147483647;
			files = (
				F0E1F9C21F9C6DEF00555BC0 /* SwiftyJSON.framework in Frameworks */,
				F0E1F9C01F9C6DEB00555BC0 /* Keys.framework in Frameworks */,
				F0E1F9BE1F9C6DE800555BC0 /* Alamofire.framework in Frameworks */,
				F1160ACB685DC7BEDA343670 /* Pods_ARuke.framework in Frameworks */,
			);
			runOnlyForDeploymentPostprocessing = 0;
		};
		B0C3EA671F96FC7700385081 /* Frameworks */ = {
			isa = PBXFrameworksBuildPhase;
			buildActionMask = 2147483647;
			files = (
				6AAEC452598364D3A317CFA5 /* Pods_ARukeTests.framework in Frameworks */,
			);
			runOnlyForDeploymentPostprocessing = 0;
		};
		B0C3EA721F96FC7700385081 /* Frameworks */ = {
			isa = PBXFrameworksBuildPhase;
			buildActionMask = 2147483647;
			files = (
				6D99BB4BFE87E7FCD80209BB /* Pods_ARukeUITests.framework in Frameworks */,
			);
			runOnlyForDeploymentPostprocessing = 0;
		};
/* End PBXFrameworksBuildPhase section */

/* Begin PBXGroup section */
		792B00B883F27927C80390AD /* Frameworks */ = {
			isa = PBXGroup;
			children = (
				F0E1F9C31F9C6DEF00555BC0 /* SwiftyJSON.framework */,
				F0E1F9C11F9C6DEB00555BC0 /* Keys.framework */,
				F0E1F9BF1F9C6DE800555BC0 /* Alamofire.framework */,
				E8BEF0CB163B9958E217B93E /* Pods_ARuke.framework */,
				743EF61749857DACD641D0ED /* Pods_ARukeTests.framework */,
				ADEFC53DE2B645E4A9E56D44 /* Pods_ARukeUITests.framework */,
			);
			name = Frameworks;
			sourceTree = "<group>";
		};
		B0C3EA4B1F96FC7600385081 = {
			isa = PBXGroup;
			children = (
				B0C3EA561F96FC7600385081 /* ARuke */,
				B0C3EA6D1F96FC7700385081 /* ARukeTests */,
				B0C3EA781F96FC7700385081 /* ARukeUITests */,
				B0C3EA551F96FC7600385081 /* Products */,
				EC7199339BDCCB053CBAF69E /* Pods */,
				792B00B883F27927C80390AD /* Frameworks */,
			);
			sourceTree = "<group>";
		};
		B0C3EA551F96FC7600385081 /* Products */ = {
			isa = PBXGroup;
			children = (
				B0C3EA541F96FC7600385081 /* ARuke.app */,
				B0C3EA6A1F96FC7700385081 /* ARukeTests.xctest */,
				B0C3EA751F96FC7700385081 /* ARukeUITests.xctest */,
			);
			name = Products;
			sourceTree = "<group>";
		};
		B0C3EA561F96FC7600385081 /* ARuke */ = {
			isa = PBXGroup;
			children = (
				F0E1F9B81F9BC1BD00555BC0 /* yurumoji.ttf */,
				B0C3EA571F96FC7600385081 /* AppDelegate.swift */,
				B0C3EA591F96FC7600385081 /* art.scnassets */,
				B0C3EA5B1F96FC7600385081 /* ViewController.swift */,
				F0DD10FD1FA0233C006048AD /* Score.swift */,
				B0C3EA5D1F96FC7600385081 /* Main.storyboard */,
				F0E1F9BB1F9C552D00555BC0 /* MapController.swift */,
				B09D26EE1FA5BECB005F7904 /* MapErrorController.swift */,
				B09D26F01FA5BECC005F7904 /* MapRouteManager.swift */,
				F0E1F9BA1F9C551E00555BC0 /* Map.storyboard */,
				F0E794C11F98EF9C006CA3A1 /* EventController.swift */,
				F00B58181FA4612A0018C429 /* ObjectManager.swift */,
				F09AF1441FA235B100E1FE13 /* EventAnime.swift */,
				F00B58161FA45C970018C429 /* TapEvent.swift */,
				F0E1F9C71F9E3E9100555BC0 /* Plane.swift */,
				F00B58141FA45AA60018C429 /* PlaneEvent.swift */,
				F0E794C31F98F710006CA3A1 /* EventControlle.storyboard */,
				F0DA5DCE1FA627CB00407B89 /* QuizController.swift */,
				F0DA5DD21FA6DC7900407B89 /* QuizEventManager.swift */,
				F0DA5DD01FA627F500407B89 /* QuizController.storyboard */,
				F0E1F9CB1F9ED89200555BC0 /* ResultController.swift */,
				F0E1F9CD1F9EDCAA00555BC0 /* Result.storyboard */,
				B0C3EA601F96FC7600385081 /* Assets.xcassets */,
				B0C3EA621F96FC7600385081 /* LaunchScreen.storyboard */,
				B0C3EA651F96FC7600385081 /* Info.plist */,
			);
			path = ARuke;
			sourceTree = "<group>";
		};
		B0C3EA6D1F96FC7700385081 /* ARukeTests */ = {
			isa = PBXGroup;
			children = (
				B0C3EA6E1F96FC7700385081 /* ARukeTests.swift */,
				B0C3EA701F96FC7700385081 /* Info.plist */,
			);
			path = ARukeTests;
			sourceTree = "<group>";
		};
		B0C3EA781F96FC7700385081 /* ARukeUITests */ = {
			isa = PBXGroup;
			children = (
				B0C3EA791F96FC7700385081 /* ARukeUITests.swift */,
				B0C3EA7B1F96FC7700385081 /* Info.plist */,
			);
			path = ARukeUITests;
			sourceTree = "<group>";
		};
		EC7199339BDCCB053CBAF69E /* Pods */ = {
			isa = PBXGroup;
			children = (
				2C8899FBD93CECB66DF2AC8D /* Pods-ARuke.debug.xcconfig */,
				2ADD0C146D44727C67C4CEFC /* Pods-ARuke.release.xcconfig */,
				FF0DC3E6B336F5A5DD70E946 /* Pods-ARukeTests.debug.xcconfig */,
				5E00FF6AD8B43D4A0769262F /* Pods-ARukeTests.release.xcconfig */,
				BF306D50BC08F376AFBDCED9 /* Pods-ARukeUITests.debug.xcconfig */,
				B7E9598C201EC3520D2AC1DB /* Pods-ARukeUITests.release.xcconfig */,
			);
			name = Pods;
			sourceTree = "<group>";
		};
/* End PBXGroup section */

/* Begin PBXNativeTarget section */
		B0C3EA531F96FC7600385081 /* ARuke */ = {
			isa = PBXNativeTarget;
			buildConfigurationList = B0C3EA7E1F96FC7700385081 /* Build configuration list for PBXNativeTarget "ARuke" */;
			buildPhases = (
				852B287EC0C9550BC41797D1 /* [CP] Check Pods Manifest.lock */,
				B0C3EA501F96FC7600385081 /* Sources */,
				B0C3EA511F96FC7600385081 /* Frameworks */,
				B0C3EA521F96FC7600385081 /* Resources */,
				3772E8EA23110808F08DD52A /* [CP] Embed Pods Frameworks */,
				944E0933B8F62AE828873996 /* [CP] Copy Pods Resources */,
			);
			buildRules = (
			);
			dependencies = (
			);
			name = ARuke;
			productName = ARuke;
			productReference = B0C3EA541F96FC7600385081 /* ARuke.app */;
			productType = "com.apple.product-type.application";
		};
		B0C3EA691F96FC7700385081 /* ARukeTests */ = {
			isa = PBXNativeTarget;
			buildConfigurationList = B0C3EA811F96FC7700385081 /* Build configuration list for PBXNativeTarget "ARukeTests" */;
			buildPhases = (
				1CE03928EE45B29961476A4B /* [CP] Check Pods Manifest.lock */,
				B0C3EA661F96FC7700385081 /* Sources */,
				B0C3EA671F96FC7700385081 /* Frameworks */,
				B0C3EA681F96FC7700385081 /* Resources */,
				DD92F4BE3D1F21D420C213DB /* [CP] Embed Pods Frameworks */,
				D3B8AD6BAF87B22C30F92D92 /* [CP] Copy Pods Resources */,
			);
			buildRules = (
			);
			dependencies = (
				B0C3EA6C1F96FC7700385081 /* PBXTargetDependency */,
			);
			name = ARukeTests;
			productName = ARukeTests;
			productReference = B0C3EA6A1F96FC7700385081 /* ARukeTests.xctest */;
			productType = "com.apple.product-type.bundle.unit-test";
		};
		B0C3EA741F96FC7700385081 /* ARukeUITests */ = {
			isa = PBXNativeTarget;
			buildConfigurationList = B0C3EA841F96FC7700385081 /* Build configuration list for PBXNativeTarget "ARukeUITests" */;
			buildPhases = (
				DAC71F8134B31B2F64B79FD0 /* [CP] Check Pods Manifest.lock */,
				B0C3EA711F96FC7700385081 /* Sources */,
				B0C3EA721F96FC7700385081 /* Frameworks */,
				B0C3EA731F96FC7700385081 /* Resources */,
				F7F3252E635D75B1F3BA1CB9 /* [CP] Embed Pods Frameworks */,
				9F218419AB16CC587AF6D2A3 /* [CP] Copy Pods Resources */,
			);
			buildRules = (
			);
			dependencies = (
				B0C3EA771F96FC7700385081 /* PBXTargetDependency */,
			);
			name = ARukeUITests;
			productName = ARukeUITests;
			productReference = B0C3EA751F96FC7700385081 /* ARukeUITests.xctest */;
			productType = "com.apple.product-type.bundle.ui-testing";
		};
/* End PBXNativeTarget section */

/* Begin PBXProject section */
		B0C3EA4C1F96FC7600385081 /* Project object */ = {
			isa = PBXProject;
			attributes = {
				LastSwiftUpdateCheck = 0900;
				LastUpgradeCheck = 0900;
				ORGANIZATIONNAME = Ryukyu;
				TargetAttributes = {
					B0C3EA531F96FC7600385081 = {
						CreatedOnToolsVersion = 9.0;
						ProvisioningStyle = Automatic;
					};
					B0C3EA691F96FC7700385081 = {
						CreatedOnToolsVersion = 9.0;
						ProvisioningStyle = Automatic;
						TestTargetID = B0C3EA531F96FC7600385081;
					};
					B0C3EA741F96FC7700385081 = {
						CreatedOnToolsVersion = 9.0;
						ProvisioningStyle = Automatic;
						TestTargetID = B0C3EA531F96FC7600385081;
					};
				};
			};
			buildConfigurationList = B0C3EA4F1F96FC7600385081 /* Build configuration list for PBXProject "ARuke" */;
			compatibilityVersion = "Xcode 8.0";
			developmentRegion = en;
			hasScannedForEncodings = 0;
			knownRegions = (
				en,
				Base,
			);
			mainGroup = B0C3EA4B1F96FC7600385081;
			productRefGroup = B0C3EA551F96FC7600385081 /* Products */;
			projectDirPath = "";
			projectRoot = "";
			targets = (
				B0C3EA531F96FC7600385081 /* ARuke */,
				B0C3EA691F96FC7700385081 /* ARukeTests */,
				B0C3EA741F96FC7700385081 /* ARukeUITests */,
			);
		};
/* End PBXProject section */

/* Begin PBXResourcesBuildPhase section */
		B0C3EA521F96FC7600385081 /* Resources */ = {
			isa = PBXResourcesBuildPhase;
			buildActionMask = 2147483647;
			files = (
				F0E1F9CE1F9EDD3C00555BC0 /* Result.storyboard in Resources */,
				F0E1F9C41F9C72FA00555BC0 /* Map.storyboard in Resources */,
				F0E1F9B91F9BCADA00555BC0 /* yurumoji.ttf in Resources */,
				B0C3EA5A1F96FC7600385081 /* art.scnassets in Resources */,
				B0C3EA641F96FC7600385081 /* LaunchScreen.storyboard in Resources */,
				F0DA5DD11FA627F500407B89 /* QuizController.storyboard in Resources */,
				B0C3EA611F96FC7600385081 /* Assets.xcassets in Resources */,
				F0E794C41F98F710006CA3A1 /* EventControlle.storyboard in Resources */,
				B0C3EA5F1F96FC7600385081 /* Main.storyboard in Resources */,
			);
			runOnlyForDeploymentPostprocessing = 0;
		};
		B0C3EA681F96FC7700385081 /* Resources */ = {
			isa = PBXResourcesBuildPhase;
			buildActionMask = 2147483647;
			files = (
			);
			runOnlyForDeploymentPostprocessing = 0;
		};
		B0C3EA731F96FC7700385081 /* Resources */ = {
			isa = PBXResourcesBuildPhase;
			buildActionMask = 2147483647;
			files = (
			);
			runOnlyForDeploymentPostprocessing = 0;
		};
/* End PBXResourcesBuildPhase section */

/* Begin PBXShellScriptBuildPhase section */
		1CE03928EE45B29961476A4B /* [CP] Check Pods Manifest.lock */ = {
			isa = PBXShellScriptBuildPhase;
			buildActionMask = 2147483647;
			files = (
			);
			inputPaths = (
				"${PODS_PODFILE_DIR_PATH}/Podfile.lock",
				"${PODS_ROOT}/Manifest.lock",
			);
			name = "[CP] Check Pods Manifest.lock";
			outputPaths = (
				"$(DERIVED_FILE_DIR)/Pods-ARukeTests-checkManifestLockResult.txt",
			);
			runOnlyForDeploymentPostprocessing = 0;
			shellPath = /bin/sh;
			shellScript = "diff \"${PODS_PODFILE_DIR_PATH}/Podfile.lock\" \"${PODS_ROOT}/Manifest.lock\" > /dev/null\nif [ $? != 0 ] ; then\n    # print error to STDERR\n    echo \"error: The sandbox is not in sync with the Podfile.lock. Run 'pod install' or update your CocoaPods installation.\" >&2\n    exit 1\nfi\n# This output is used by Xcode 'outputs' to avoid re-running this script phase.\necho \"SUCCESS\" > \"${SCRIPT_OUTPUT_FILE_0}\"\n";
			showEnvVarsInLog = 0;
		};
		3772E8EA23110808F08DD52A /* [CP] Embed Pods Frameworks */ = {
			isa = PBXShellScriptBuildPhase;
			buildActionMask = 2147483647;
			files = (
			);
			inputPaths = (
				"${SRCROOT}/Pods/Target Support Files/Pods-ARuke/Pods-ARuke-frameworks.sh",
				"${BUILT_PRODUCTS_DIR}/Alamofire/Alamofire.framework",
				"${BUILT_PRODUCTS_DIR}/Keys/Keys.framework",
				"${BUILT_PRODUCTS_DIR}/SwiftyJSON/SwiftyJSON.framework",
			);
			name = "[CP] Embed Pods Frameworks";
			outputPaths = (
				"${TARGET_BUILD_DIR}/${FRAMEWORKS_FOLDER_PATH}/Alamofire.framework",
				"${TARGET_BUILD_DIR}/${FRAMEWORKS_FOLDER_PATH}/Keys.framework",
				"${TARGET_BUILD_DIR}/${FRAMEWORKS_FOLDER_PATH}/SwiftyJSON.framework",
			);
			runOnlyForDeploymentPostprocessing = 0;
			shellPath = /bin/sh;
			shellScript = "\"${SRCROOT}/Pods/Target Support Files/Pods-ARuke/Pods-ARuke-frameworks.sh\"\n";
			showEnvVarsInLog = 0;
		};
		852B287EC0C9550BC41797D1 /* [CP] Check Pods Manifest.lock */ = {
			isa = PBXShellScriptBuildPhase;
			buildActionMask = 2147483647;
			files = (
			);
			inputPaths = (
				"${PODS_PODFILE_DIR_PATH}/Podfile.lock",
				"${PODS_ROOT}/Manifest.lock",
			);
			name = "[CP] Check Pods Manifest.lock";
			outputPaths = (
				"$(DERIVED_FILE_DIR)/Pods-ARuke-checkManifestLockResult.txt",
			);
			runOnlyForDeploymentPostprocessing = 0;
			shellPath = /bin/sh;
			shellScript = "diff \"${PODS_PODFILE_DIR_PATH}/Podfile.lock\" \"${PODS_ROOT}/Manifest.lock\" > /dev/null\nif [ $? != 0 ] ; then\n    # print error to STDERR\n    echo \"error: The sandbox is not in sync with the Podfile.lock. Run 'pod install' or update your CocoaPods installation.\" >&2\n    exit 1\nfi\n# This output is used by Xcode 'outputs' to avoid re-running this script phase.\necho \"SUCCESS\" > \"${SCRIPT_OUTPUT_FILE_0}\"\n";
			showEnvVarsInLog = 0;
		};
		944E0933B8F62AE828873996 /* [CP] Copy Pods Resources */ = {
			isa = PBXShellScriptBuildPhase;
			buildActionMask = 2147483647;
			files = (
			);
			inputPaths = (
				"${SRCROOT}/Pods/Target Support Files/Pods-ARuke/Pods-ARuke-resources.sh",
				"${PODS_ROOT}/GoogleMaps/Maps/Frameworks/GoogleMaps.framework/Resources/GoogleMaps.bundle",
				"${PODS_ROOT}/GooglePlaces/Frameworks/GooglePlaces.framework/Resources/GooglePlaces.bundle",
			);
			name = "[CP] Copy Pods Resources";
			outputPaths = (
				"${TARGET_BUILD_DIR}/${UNLOCALIZED_RESOURCES_FOLDER_PATH}",
			);
			runOnlyForDeploymentPostprocessing = 0;
			shellPath = /bin/sh;
			shellScript = "\"${SRCROOT}/Pods/Target Support Files/Pods-ARuke/Pods-ARuke-resources.sh\"\n";
			showEnvVarsInLog = 0;
		};
		9F218419AB16CC587AF6D2A3 /* [CP] Copy Pods Resources */ = {
			isa = PBXShellScriptBuildPhase;
			buildActionMask = 2147483647;
			files = (
			);
			inputPaths = (
			);
			name = "[CP] Copy Pods Resources";
			outputPaths = (
			);
			runOnlyForDeploymentPostprocessing = 0;
			shellPath = /bin/sh;
			shellScript = "\"${SRCROOT}/Pods/Target Support Files/Pods-ARukeUITests/Pods-ARukeUITests-resources.sh\"\n";
			showEnvVarsInLog = 0;
		};
		D3B8AD6BAF87B22C30F92D92 /* [CP] Copy Pods Resources */ = {
			isa = PBXShellScriptBuildPhase;
			buildActionMask = 2147483647;
			files = (
			);
			inputPaths = (
			);
			name = "[CP] Copy Pods Resources";
			outputPaths = (
			);
			runOnlyForDeploymentPostprocessing = 0;
			shellPath = /bin/sh;
			shellScript = "\"${SRCROOT}/Pods/Target Support Files/Pods-ARukeTests/Pods-ARukeTests-resources.sh\"\n";
			showEnvVarsInLog = 0;
		};
		DAC71F8134B31B2F64B79FD0 /* [CP] Check Pods Manifest.lock */ = {
			isa = PBXShellScriptBuildPhase;
			buildActionMask = 2147483647;
			files = (
			);
			inputPaths = (
				"${PODS_PODFILE_DIR_PATH}/Podfile.lock",
				"${PODS_ROOT}/Manifest.lock",
			);
			name = "[CP] Check Pods Manifest.lock";
			outputPaths = (
				"$(DERIVED_FILE_DIR)/Pods-ARukeUITests-checkManifestLockResult.txt",
			);
			runOnlyForDeploymentPostprocessing = 0;
			shellPath = /bin/sh;
			shellScript = "diff \"${PODS_PODFILE_DIR_PATH}/Podfile.lock\" \"${PODS_ROOT}/Manifest.lock\" > /dev/null\nif [ $? != 0 ] ; then\n    # print error to STDERR\n    echo \"error: The sandbox is not in sync with the Podfile.lock. Run 'pod install' or update your CocoaPods installation.\" >&2\n    exit 1\nfi\n# This output is used by Xcode 'outputs' to avoid re-running this script phase.\necho \"SUCCESS\" > \"${SCRIPT_OUTPUT_FILE_0}\"\n";
			showEnvVarsInLog = 0;
		};
		DD92F4BE3D1F21D420C213DB /* [CP] Embed Pods Frameworks */ = {
			isa = PBXShellScriptBuildPhase;
			buildActionMask = 2147483647;
			files = (
			);
			inputPaths = (
			);
			name = "[CP] Embed Pods Frameworks";
			outputPaths = (
			);
			runOnlyForDeploymentPostprocessing = 0;
			shellPath = /bin/sh;
			shellScript = "\"${SRCROOT}/Pods/Target Support Files/Pods-ARukeTests/Pods-ARukeTests-frameworks.sh\"\n";
			showEnvVarsInLog = 0;
		};
		F7F3252E635D75B1F3BA1CB9 /* [CP] Embed Pods Frameworks */ = {
			isa = PBXShellScriptBuildPhase;
			buildActionMask = 2147483647;
			files = (
			);
			inputPaths = (
			);
			name = "[CP] Embed Pods Frameworks";
			outputPaths = (
			);
			runOnlyForDeploymentPostprocessing = 0;
			shellPath = /bin/sh;
			shellScript = "\"${SRCROOT}/Pods/Target Support Files/Pods-ARukeUITests/Pods-ARukeUITests-frameworks.sh\"\n";
			showEnvVarsInLog = 0;
		};
/* End PBXShellScriptBuildPhase section */

/* Begin PBXSourcesBuildPhase section */
		B0C3EA501F96FC7600385081 /* Sources */ = {
			isa = PBXSourcesBuildPhase;
			buildActionMask = 2147483647;
			files = (
				F0DA5DCF1FA627CB00407B89 /* QuizController.swift in Sources */,
				F0DD10FE1FA0233C006048AD /* Score.swift in Sources */,
				F0E1F9BC1F9C552D00555BC0 /* MapController.swift in Sources */,
				B0C3EA5C1F96FC7600385081 /* ViewController.swift in Sources */,
				F0E1F9CC1F9ED89200555BC0 /* ResultController.swift in Sources */,
				F00B58191FA4612A0018C429 /* ObjectManager.swift in Sources */,
				B09D26F31FA5BECC005F7904 /* MapRouteManager.swift in Sources */,
				F0E1F9C81F9E3E9100555BC0 /* Plane.swift in Sources */,
				B0C3EA581F96FC7600385081 /* AppDelegate.swift in Sources */,
				B09D26F11FA5BECC005F7904 /* MapErrorController.swift in Sources */,
				F0DA5DD31FA6DC7900407B89 /* QuizEventManager.swift in Sources */,
				F0E794C21F98EF9C006CA3A1 /* EventController.swift in Sources */,
				F09AF1451FA235B100E1FE13 /* EventAnime.swift in Sources */,
				F00B58171FA45C970018C429 /* TapEvent.swift in Sources */,
				F00B58151FA45AA60018C429 /* PlaneEvent.swift in Sources */,
			);
			runOnlyForDeploymentPostprocessing = 0;
		};
		B0C3EA661F96FC7700385081 /* Sources */ = {
			isa = PBXSourcesBuildPhase;
			buildActionMask = 2147483647;
			files = (
				B0C3EA6F1F96FC7700385081 /* ARukeTests.swift in Sources */,
			);
			runOnlyForDeploymentPostprocessing = 0;
		};
		B0C3EA711F96FC7700385081 /* Sources */ = {
			isa = PBXSourcesBuildPhase;
			buildActionMask = 2147483647;
			files = (
				B0C3EA7A1F96FC7700385081 /* ARukeUITests.swift in Sources */,
			);
			runOnlyForDeploymentPostprocessing = 0;
		};
/* End PBXSourcesBuildPhase section */

/* Begin PBXTargetDependency section */
		B0C3EA6C1F96FC7700385081 /* PBXTargetDependency */ = {
			isa = PBXTargetDependency;
			target = B0C3EA531F96FC7600385081 /* ARuke */;
			targetProxy = B0C3EA6B1F96FC7700385081 /* PBXContainerItemProxy */;
		};
		B0C3EA771F96FC7700385081 /* PBXTargetDependency */ = {
			isa = PBXTargetDependency;
			target = B0C3EA531F96FC7600385081 /* ARuke */;
			targetProxy = B0C3EA761F96FC7700385081 /* PBXContainerItemProxy */;
		};
/* End PBXTargetDependency section */

/* Begin PBXVariantGroup section */
		B0C3EA5D1F96FC7600385081 /* Main.storyboard */ = {
			isa = PBXVariantGroup;
			children = (
				B0C3EA5E1F96FC7600385081 /* Base */,
			);
			name = Main.storyboard;
			sourceTree = "<group>";
		};
		B0C3EA621F96FC7600385081 /* LaunchScreen.storyboard */ = {
			isa = PBXVariantGroup;
			children = (
				B0C3EA631F96FC7600385081 /* Base */,
			);
			name = LaunchScreen.storyboard;
			sourceTree = "<group>";
		};
/* End PBXVariantGroup section */

/* Begin XCBuildConfiguration section */
		B0C3EA7C1F96FC7700385081 /* Debug */ = {
			isa = XCBuildConfiguration;
			buildSettings = {
				ALWAYS_SEARCH_USER_PATHS = NO;
				CLANG_ANALYZER_NONNULL = YES;
				CLANG_ANALYZER_NUMBER_OBJECT_CONVERSION = YES_AGGRESSIVE;
				CLANG_CXX_LANGUAGE_STANDARD = "gnu++14";
				CLANG_CXX_LIBRARY = "libc++";
				CLANG_ENABLE_MODULES = YES;
				CLANG_ENABLE_OBJC_ARC = YES;
				CLANG_WARN_BLOCK_CAPTURE_AUTORELEASING = YES;
				CLANG_WARN_BOOL_CONVERSION = YES;
				CLANG_WARN_COMMA = YES;
				CLANG_WARN_CONSTANT_CONVERSION = YES;
				CLANG_WARN_DIRECT_OBJC_ISA_USAGE = YES_ERROR;
				CLANG_WARN_DOCUMENTATION_COMMENTS = YES;
				CLANG_WARN_EMPTY_BODY = YES;
				CLANG_WARN_ENUM_CONVERSION = YES;
				CLANG_WARN_INFINITE_RECURSION = YES;
				CLANG_WARN_INT_CONVERSION = YES;
				CLANG_WARN_NON_LITERAL_NULL_CONVERSION = YES;
				CLANG_WARN_OBJC_LITERAL_CONVERSION = YES;
				CLANG_WARN_OBJC_ROOT_CLASS = YES_ERROR;
				CLANG_WARN_RANGE_LOOP_ANALYSIS = YES;
				CLANG_WARN_STRICT_PROTOTYPES = YES;
				CLANG_WARN_SUSPICIOUS_MOVE = YES;
				CLANG_WARN_UNGUARDED_AVAILABILITY = YES_AGGRESSIVE;
				CLANG_WARN_UNREACHABLE_CODE = YES;
				CLANG_WARN__DUPLICATE_METHOD_MATCH = YES;
				CODE_SIGN_IDENTITY = "iPhone Developer";
				COPY_PHASE_STRIP = NO;
				DEBUG_INFORMATION_FORMAT = dwarf;
				ENABLE_STRICT_OBJC_MSGSEND = YES;
				ENABLE_TESTABILITY = YES;
				GCC_C_LANGUAGE_STANDARD = gnu11;
				GCC_DYNAMIC_NO_PIC = NO;
				GCC_NO_COMMON_BLOCKS = YES;
				GCC_OPTIMIZATION_LEVEL = 0;
				GCC_PREPROCESSOR_DEFINITIONS = (
					"DEBUG=1",
					"$(inherited)",
				);
				GCC_WARN_64_TO_32_BIT_CONVERSION = YES;
				GCC_WARN_ABOUT_RETURN_TYPE = YES_ERROR;
				GCC_WARN_UNDECLARED_SELECTOR = YES;
				GCC_WARN_UNINITIALIZED_AUTOS = YES_AGGRESSIVE;
				GCC_WARN_UNUSED_FUNCTION = YES;
				GCC_WARN_UNUSED_VARIABLE = YES;
				IPHONEOS_DEPLOYMENT_TARGET = 11.0;
				MTL_ENABLE_DEBUG_INFO = YES;
				ONLY_ACTIVE_ARCH = YES;
				SDKROOT = iphoneos;
				SWIFT_ACTIVE_COMPILATION_CONDITIONS = DEBUG;
				SWIFT_OPTIMIZATION_LEVEL = "-Onone";
			};
			name = Debug;
		};
		B0C3EA7D1F96FC7700385081 /* Release */ = {
			isa = XCBuildConfiguration;
			buildSettings = {
				ALWAYS_SEARCH_USER_PATHS = NO;
				CLANG_ANALYZER_NONNULL = YES;
				CLANG_ANALYZER_NUMBER_OBJECT_CONVERSION = YES_AGGRESSIVE;
				CLANG_CXX_LANGUAGE_STANDARD = "gnu++14";
				CLANG_CXX_LIBRARY = "libc++";
				CLANG_ENABLE_MODULES = YES;
				CLANG_ENABLE_OBJC_ARC = YES;
				CLANG_WARN_BLOCK_CAPTURE_AUTORELEASING = YES;
				CLANG_WARN_BOOL_CONVERSION = YES;
				CLANG_WARN_COMMA = YES;
				CLANG_WARN_CONSTANT_CONVERSION = YES;
				CLANG_WARN_DIRECT_OBJC_ISA_USAGE = YES_ERROR;
				CLANG_WARN_DOCUMENTATION_COMMENTS = YES;
				CLANG_WARN_EMPTY_BODY = YES;
				CLANG_WARN_ENUM_CONVERSION = YES;
				CLANG_WARN_INFINITE_RECURSION = YES;
				CLANG_WARN_INT_CONVERSION = YES;
				CLANG_WARN_NON_LITERAL_NULL_CONVERSION = YES;
				CLANG_WARN_OBJC_LITERAL_CONVERSION = YES;
				CLANG_WARN_OBJC_ROOT_CLASS = YES_ERROR;
				CLANG_WARN_RANGE_LOOP_ANALYSIS = YES;
				CLANG_WARN_STRICT_PROTOTYPES = YES;
				CLANG_WARN_SUSPICIOUS_MOVE = YES;
				CLANG_WARN_UNGUARDED_AVAILABILITY = YES_AGGRESSIVE;
				CLANG_WARN_UNREACHABLE_CODE = YES;
				CLANG_WARN__DUPLICATE_METHOD_MATCH = YES;
				CODE_SIGN_IDENTITY = "iPhone Developer";
				COPY_PHASE_STRIP = NO;
				DEBUG_INFORMATION_FORMAT = "dwarf-with-dsym";
				ENABLE_NS_ASSERTIONS = NO;
				ENABLE_STRICT_OBJC_MSGSEND = YES;
				GCC_C_LANGUAGE_STANDARD = gnu11;
				GCC_NO_COMMON_BLOCKS = YES;
				GCC_WARN_64_TO_32_BIT_CONVERSION = YES;
				GCC_WARN_ABOUT_RETURN_TYPE = YES_ERROR;
				GCC_WARN_UNDECLARED_SELECTOR = YES;
				GCC_WARN_UNINITIALIZED_AUTOS = YES_AGGRESSIVE;
				GCC_WARN_UNUSED_FUNCTION = YES;
				GCC_WARN_UNUSED_VARIABLE = YES;
				IPHONEOS_DEPLOYMENT_TARGET = 11.0;
				MTL_ENABLE_DEBUG_INFO = NO;
				SDKROOT = iphoneos;
				SWIFT_OPTIMIZATION_LEVEL = "-Owholemodule";
				VALIDATE_PRODUCT = YES;
			};
			name = Release;
		};
		B0C3EA7F1F96FC7700385081 /* Debug */ = {
			isa = XCBuildConfiguration;
			baseConfigurationReference = 2C8899FBD93CECB66DF2AC8D /* Pods-ARuke.debug.xcconfig */;
			buildSettings = {
				ASSETCATALOG_COMPILER_APPICON_NAME = AppIcon;
				CODE_SIGN_STYLE = Automatic;
				DEVELOPMENT_TEAM = UDN7C83R23;
				INFOPLIST_FILE = ARuke/Info.plist;
				LD_RUNPATH_SEARCH_PATHS = "$(inherited) @executable_path/Frameworks";
				PRODUCT_BUNDLE_IDENTIFIER = Ryukyu.ARuke.AR.ac;
				PRODUCT_NAME = "$(TARGET_NAME)";
				SWIFT_VERSION = 4.0;
				TARGETED_DEVICE_FAMILY = "1,2";
			};
			name = Debug;
		};
		B0C3EA801F96FC7700385081 /* Release */ = {
			isa = XCBuildConfiguration;
			baseConfigurationReference = 2ADD0C146D44727C67C4CEFC /* Pods-ARuke.release.xcconfig */;
			buildSettings = {
				ASSETCATALOG_COMPILER_APPICON_NAME = AppIcon;
				CODE_SIGN_STYLE = Automatic;
				DEVELOPMENT_TEAM = UDN7C83R23;
				INFOPLIST_FILE = ARuke/Info.plist;
				LD_RUNPATH_SEARCH_PATHS = "$(inherited) @executable_path/Frameworks";
				PRODUCT_BUNDLE_IDENTIFIER = Ryukyu.ARuke.AR.ac;
				PRODUCT_NAME = "$(TARGET_NAME)";
				SWIFT_VERSION = 4.0;
				TARGETED_DEVICE_FAMILY = "1,2";
			};
			name = Release;
		};
		B0C3EA821F96FC7700385081 /* Debug */ = {
			isa = XCBuildConfiguration;
			baseConfigurationReference = FF0DC3E6B336F5A5DD70E946 /* Pods-ARukeTests.debug.xcconfig */;
			buildSettings = {
				ALWAYS_EMBED_SWIFT_STANDARD_LIBRARIES = YES;
				BUNDLE_LOADER = "$(TEST_HOST)";
				CODE_SIGN_STYLE = Automatic;
				INFOPLIST_FILE = ARukeTests/Info.plist;
				LD_RUNPATH_SEARCH_PATHS = "$(inherited) @executable_path/Frameworks @loader_path/Frameworks";
				PRODUCT_BUNDLE_IDENTIFIER = Ryukyu.ARukeTests;
				PRODUCT_NAME = "$(TARGET_NAME)";
				SWIFT_VERSION = 4.0;
				TARGETED_DEVICE_FAMILY = "1,2";
				TEST_HOST = "$(BUILT_PRODUCTS_DIR)/ARuke.app/ARuke";
			};
			name = Debug;
		};
		B0C3EA831F96FC7700385081 /* Release */ = {
			isa = XCBuildConfiguration;
			baseConfigurationReference = 5E00FF6AD8B43D4A0769262F /* Pods-ARukeTests.release.xcconfig */;
			buildSettings = {
				ALWAYS_EMBED_SWIFT_STANDARD_LIBRARIES = YES;
				BUNDLE_LOADER = "$(TEST_HOST)";
				CODE_SIGN_STYLE = Automatic;
				INFOPLIST_FILE = ARukeTests/Info.plist;
				LD_RUNPATH_SEARCH_PATHS = "$(inherited) @executable_path/Frameworks @loader_path/Frameworks";
				PRODUCT_BUNDLE_IDENTIFIER = Ryukyu.ARukeTests;
				PRODUCT_NAME = "$(TARGET_NAME)";
				SWIFT_VERSION = 4.0;
				TARGETED_DEVICE_FAMILY = "1,2";
				TEST_HOST = "$(BUILT_PRODUCTS_DIR)/ARuke.app/ARuke";
			};
			name = Release;
		};
		B0C3EA851F96FC7700385081 /* Debug */ = {
			isa = XCBuildConfiguration;
			baseConfigurationReference = BF306D50BC08F376AFBDCED9 /* Pods-ARukeUITests.debug.xcconfig */;
			buildSettings = {
				ALWAYS_EMBED_SWIFT_STANDARD_LIBRARIES = YES;
				CODE_SIGN_STYLE = Automatic;
				INFOPLIST_FILE = ARukeUITests/Info.plist;
				LD_RUNPATH_SEARCH_PATHS = "$(inherited) @executable_path/Frameworks @loader_path/Frameworks";
				PRODUCT_BUNDLE_IDENTIFIER = Ryukyu.ARukeUITests;
				PRODUCT_NAME = "$(TARGET_NAME)";
				SWIFT_VERSION = 4.0;
				TARGETED_DEVICE_FAMILY = "1,2";
				TEST_TARGET_NAME = ARuke;
			};
			name = Debug;
		};
		B0C3EA861F96FC7700385081 /* Release */ = {
			isa = XCBuildConfiguration;
			baseConfigurationReference = B7E9598C201EC3520D2AC1DB /* Pods-ARukeUITests.release.xcconfig */;
			buildSettings = {
				ALWAYS_EMBED_SWIFT_STANDARD_LIBRARIES = YES;
				CODE_SIGN_STYLE = Automatic;
				INFOPLIST_FILE = ARukeUITests/Info.plist;
				LD_RUNPATH_SEARCH_PATHS = "$(inherited) @executable_path/Frameworks @loader_path/Frameworks";
				PRODUCT_BUNDLE_IDENTIFIER = Ryukyu.ARukeUITests;
				PRODUCT_NAME = "$(TARGET_NAME)";
				SWIFT_VERSION = 4.0;
				TARGETED_DEVICE_FAMILY = "1,2";
				TEST_TARGET_NAME = ARuke;
			};
			name = Release;
		};
/* End XCBuildConfiguration section */

/* Begin XCConfigurationList section */
		B0C3EA4F1F96FC7600385081 /* Build configuration list for PBXProject "ARuke" */ = {
			isa = XCConfigurationList;
			buildConfigurations = (
				B0C3EA7C1F96FC7700385081 /* Debug */,
				B0C3EA7D1F96FC7700385081 /* Release */,
			);
			defaultConfigurationIsVisible = 0;
			defaultConfigurationName = Release;
		};
		B0C3EA7E1F96FC7700385081 /* Build configuration list for PBXNativeTarget "ARuke" */ = {
			isa = XCConfigurationList;
			buildConfigurations = (
				B0C3EA7F1F96FC7700385081 /* Debug */,
				B0C3EA801F96FC7700385081 /* Release */,
			);
			defaultConfigurationIsVisible = 0;
			defaultConfigurationName = Release;
		};
		B0C3EA811F96FC7700385081 /* Build configuration list for PBXNativeTarget "ARukeTests" */ = {
			isa = XCConfigurationList;
			buildConfigurations = (
				B0C3EA821F96FC7700385081 /* Debug */,
				B0C3EA831F96FC7700385081 /* Release */,
			);
			defaultConfigurationIsVisible = 0;
			defaultConfigurationName = Release;
		};
		B0C3EA841F96FC7700385081 /* Build configuration list for PBXNativeTarget "ARukeUITests" */ = {
			isa = XCConfigurationList;
			buildConfigurations = (
				B0C3EA851F96FC7700385081 /* Debug */,
				B0C3EA861F96FC7700385081 /* Release */,
			);
			defaultConfigurationIsVisible = 0;
			defaultConfigurationName = Release;
		};
/* End XCConfigurationList section */
	};
	rootObject = B0C3EA4C1F96FC7600385081 /* Project object */;
}
