// !$*UTF8*$!
{
	archiveVersion = 1;
	classes = {
	};
	objectVersion = 48;
	objects = {

/* Begin PBXBuildFile section */
		B011C7C61FC7D925000286C4 /* AppDelegate.swift in Sources */ = {isa = PBXBuildFile; fileRef = B011C7C51FC7D925000286C4 /* AppDelegate.swift */; };
		B011C7C81FC7D925000286C4 /* ViewController.swift in Sources */ = {isa = PBXBuildFile; fileRef = B011C7C71FC7D925000286C4 /* ViewController.swift */; };
		B011C7CB1FC7D925000286C4 /* Main.storyboard in Resources */ = {isa = PBXBuildFile; fileRef = B011C7C91FC7D925000286C4 /* Main.storyboard */; };
		B011C7CD1FC7D925000286C4 /* Assets.xcassets in Resources */ = {isa = PBXBuildFile; fileRef = B011C7CC1FC7D925000286C4 /* Assets.xcassets */; };
		B011C7D01FC7D925000286C4 /* LaunchScreen.storyboard in Resources */ = {isa = PBXBuildFile; fileRef = B011C7CE1FC7D925000286C4 /* LaunchScreen.storyboard */; };
		B011C7DB1FC7D926000286C4 /* AfuroTests.swift in Sources */ = {isa = PBXBuildFile; fileRef = B011C7DA1FC7D926000286C4 /* AfuroTests.swift */; };
		B011C7E61FC7D926000286C4 /* AfuroUITests.swift in Sources */ = {isa = PBXBuildFile; fileRef = B011C7E51FC7D926000286C4 /* AfuroUITests.swift */; };
/* End PBXBuildFile section */

/* Begin PBXContainerItemProxy section */
		B011C7D71FC7D926000286C4 /* PBXContainerItemProxy */ = {
			isa = PBXContainerItemProxy;
			containerPortal = B011C7BA1FC7D925000286C4 /* Project object */;
			proxyType = 1;
			remoteGlobalIDString = B011C7C11FC7D925000286C4;
			remoteInfo = Afuro;
		};
		B011C7E21FC7D926000286C4 /* PBXContainerItemProxy */ = {
			isa = PBXContainerItemProxy;
			containerPortal = B011C7BA1FC7D925000286C4 /* Project object */;
			proxyType = 1;
			remoteGlobalIDString = B011C7C11FC7D925000286C4;
			remoteInfo = Afuro;
		};
/* End PBXContainerItemProxy section */

/* Begin PBXFileReference section */
		B011C7C21FC7D925000286C4 /* Afuro.app */ = {isa = PBXFileReference; explicitFileType = wrapper.application; includeInIndex = 0; path = Afuro.app; sourceTree = BUILT_PRODUCTS_DIR; };
		B011C7C51FC7D925000286C4 /* AppDelegate.swift */ = {isa = PBXFileReference; lastKnownFileType = sourcecode.swift; path = AppDelegate.swift; sourceTree = "<group>"; };
		B011C7C71FC7D925000286C4 /* ViewController.swift */ = {isa = PBXFileReference; lastKnownFileType = sourcecode.swift; path = ViewController.swift; sourceTree = "<group>"; };
		B011C7CA1FC7D925000286C4 /* Base */ = {isa = PBXFileReference; lastKnownFileType = file.storyboard; name = Base; path = Base.lproj/Main.storyboard; sourceTree = "<group>"; };
		B011C7CC1FC7D925000286C4 /* Assets.xcassets */ = {isa = PBXFileReference; lastKnownFileType = folder.assetcatalog; path = Assets.xcassets; sourceTree = "<group>"; };
		B011C7CF1FC7D925000286C4 /* Base */ = {isa = PBXFileReference; lastKnownFileType = file.storyboard; name = Base; path = Base.lproj/LaunchScreen.storyboard; sourceTree = "<group>"; };
		B011C7D11FC7D925000286C4 /* Info.plist */ = {isa = PBXFileReference; lastKnownFileType = text.plist.xml; path = Info.plist; sourceTree = "<group>"; };
		B011C7D61FC7D926000286C4 /* AfuroTests.xctest */ = {isa = PBXFileReference; explicitFileType = wrapper.cfbundle; includeInIndex = 0; path = AfuroTests.xctest; sourceTree = BUILT_PRODUCTS_DIR; };
		B011C7DA1FC7D926000286C4 /* AfuroTests.swift */ = {isa = PBXFileReference; lastKnownFileType = sourcecode.swift; path = AfuroTests.swift; sourceTree = "<group>"; };
		B011C7DC1FC7D926000286C4 /* Info.plist */ = {isa = PBXFileReference; lastKnownFileType = text.plist.xml; path = Info.plist; sourceTree = "<group>"; };
		B011C7E11FC7D926000286C4 /* AfuroUITests.xctest */ = {isa = PBXFileReference; explicitFileType = wrapper.cfbundle; includeInIndex = 0; path = AfuroUITests.xctest; sourceTree = BUILT_PRODUCTS_DIR; };
		B011C7E51FC7D926000286C4 /* AfuroUITests.swift */ = {isa = PBXFileReference; lastKnownFileType = sourcecode.swift; path = AfuroUITests.swift; sourceTree = "<group>"; };
		B011C7E71FC7D926000286C4 /* Info.plist */ = {isa = PBXFileReference; lastKnownFileType = text.plist.xml; path = Info.plist; sourceTree = "<group>"; };
/* End PBXFileReference section */

/* Begin PBXFrameworksBuildPhase section */
		B011C7BF1FC7D925000286C4 /* Frameworks */ = {
			isa = PBXFrameworksBuildPhase;
			buildActionMask = 2147483647;
			files = (
			);
			runOnlyForDeploymentPostprocessing = 0;
		};
		B011C7D31FC7D926000286C4 /* Frameworks */ = {
			isa = PBXFrameworksBuildPhase;
			buildActionMask = 2147483647;
			files = (
			);
			runOnlyForDeploymentPostprocessing = 0;
		};
		B011C7DE1FC7D926000286C4 /* Frameworks */ = {
			isa = PBXFrameworksBuildPhase;
			buildActionMask = 2147483647;
			files = (
			);
			runOnlyForDeploymentPostprocessing = 0;
		};
/* End PBXFrameworksBuildPhase section */

/* Begin PBXGroup section */
		B011C7B91FC7D925000286C4 = {
			isa = PBXGroup;
			children = (
				B011C7C41FC7D925000286C4 /* Afuro */,
				B011C7D91FC7D926000286C4 /* AfuroTests */,
				B011C7E41FC7D926000286C4 /* AfuroUITests */,
				B011C7C31FC7D925000286C4 /* Products */,
			);
			sourceTree = "<group>";
		};
		B011C7C31FC7D925000286C4 /* Products */ = {
			isa = PBXGroup;
			children = (
				B011C7C21FC7D925000286C4 /* Afuro.app */,
				B011C7D61FC7D926000286C4 /* AfuroTests.xctest */,
				B011C7E11FC7D926000286C4 /* AfuroUITests.xctest */,
			);
			name = Products;
			sourceTree = "<group>";
		};
		B011C7C41FC7D925000286C4 /* Afuro */ = {
			isa = PBXGroup;
			children = (
				B011C7C51FC7D925000286C4 /* AppDelegate.swift */,
				B011C7C71FC7D925000286C4 /* ViewController.swift */,
				B011C7C91FC7D925000286C4 /* Main.storyboard */,
				B011C7CC1FC7D925000286C4 /* Assets.xcassets */,
				B011C7CE1FC7D925000286C4 /* LaunchScreen.storyboard */,
				B011C7D11FC7D925000286C4 /* Info.plist */,
			);
			path = Afuro;
			sourceTree = "<group>";
		};
		B011C7D91FC7D926000286C4 /* AfuroTests */ = {
			isa = PBXGroup;
			children = (
				B011C7DA1FC7D926000286C4 /* AfuroTests.swift */,
				B011C7DC1FC7D926000286C4 /* Info.plist */,
			);
			path = AfuroTests;
			sourceTree = "<group>";
		};
		B011C7E41FC7D926000286C4 /* AfuroUITests */ = {
			isa = PBXGroup;
			children = (
				B011C7E51FC7D926000286C4 /* AfuroUITests.swift */,
				B011C7E71FC7D926000286C4 /* Info.plist */,
			);
			path = AfuroUITests;
			sourceTree = "<group>";
		};
/* End PBXGroup section */

/* Begin PBXNativeTarget section */
		B011C7C11FC7D925000286C4 /* Afuro */ = {
			isa = PBXNativeTarget;
			buildConfigurationList = B011C7EA1FC7D926000286C4 /* Build configuration list for PBXNativeTarget "Afuro" */;
			buildPhases = (
				B011C7BE1FC7D925000286C4 /* Sources */,
				B011C7BF1FC7D925000286C4 /* Frameworks */,
				B011C7C01FC7D925000286C4 /* Resources */,
			);
			buildRules = (
			);
			dependencies = (
			);
			name = Afuro;
			productName = Afuro;
			productReference = B011C7C21FC7D925000286C4 /* Afuro.app */;
			productType = "com.apple.product-type.application";
		};
		B011C7D51FC7D926000286C4 /* AfuroTests */ = {
			isa = PBXNativeTarget;
			buildConfigurationList = B011C7ED1FC7D926000286C4 /* Build configuration list for PBXNativeTarget "AfuroTests" */;
			buildPhases = (
				B011C7D21FC7D926000286C4 /* Sources */,
				B011C7D31FC7D926000286C4 /* Frameworks */,
				B011C7D41FC7D926000286C4 /* Resources */,
			);
			buildRules = (
			);
			dependencies = (
				B011C7D81FC7D926000286C4 /* PBXTargetDependency */,
			);
			name = AfuroTests;
			productName = AfuroTests;
			productReference = B011C7D61FC7D926000286C4 /* AfuroTests.xctest */;
			productType = "com.apple.product-type.bundle.unit-test";
		};
		B011C7E01FC7D926000286C4 /* AfuroUITests */ = {
			isa = PBXNativeTarget;
			buildConfigurationList = B011C7F01FC7D926000286C4 /* Build configuration list for PBXNativeTarget "AfuroUITests" */;
			buildPhases = (
				B011C7DD1FC7D926000286C4 /* Sources */,
				B011C7DE1FC7D926000286C4 /* Frameworks */,
				B011C7DF1FC7D926000286C4 /* Resources */,
			);
			buildRules = (
			);
			dependencies = (
				B011C7E31FC7D926000286C4 /* PBXTargetDependency */,
			);
			name = AfuroUITests;
			productName = AfuroUITests;
			productReference = B011C7E11FC7D926000286C4 /* AfuroUITests.xctest */;
			productType = "com.apple.product-type.bundle.ui-testing";
		};
/* End PBXNativeTarget section */

/* Begin PBXProject section */
		B011C7BA1FC7D925000286C4 /* Project object */ = {
			isa = PBXProject;
			attributes = {
				LastSwiftUpdateCheck = 0910;
				LastUpgradeCheck = 0910;
				ORGANIZATIONNAME = Ryukyu;
				TargetAttributes = {
					B011C7C11FC7D925000286C4 = {
						CreatedOnToolsVersion = 9.1;
						ProvisioningStyle = Automatic;
					};
					B011C7D51FC7D926000286C4 = {
						CreatedOnToolsVersion = 9.1;
						ProvisioningStyle = Automatic;
						TestTargetID = B011C7C11FC7D925000286C4;
					};
					B011C7E01FC7D926000286C4 = {
						CreatedOnToolsVersion = 9.1;
						ProvisioningStyle = Automatic;
						TestTargetID = B011C7C11FC7D925000286C4;
					};
				};
			};
			buildConfigurationList = B011C7BD1FC7D925000286C4 /* Build configuration list for PBXProject "Afuro" */;
			compatibilityVersion = "Xcode 8.0";
			developmentRegion = en;
			hasScannedForEncodings = 0;
			knownRegions = (
				en,
				Base,
			);
			mainGroup = B011C7B91FC7D925000286C4;
			productRefGroup = B011C7C31FC7D925000286C4 /* Products */;
			projectDirPath = "";
			projectRoot = "";
			targets = (
				B011C7C11FC7D925000286C4 /* Afuro */,
				B011C7D51FC7D926000286C4 /* AfuroTests */,
				B011C7E01FC7D926000286C4 /* AfuroUITests */,
			);
		};
/* End PBXProject section */

/* Begin PBXResourcesBuildPhase section */
		B011C7C01FC7D925000286C4 /* Resources */ = {
			isa = PBXResourcesBuildPhase;
			buildActionMask = 2147483647;
			files = (
				B011C7D01FC7D925000286C4 /* LaunchScreen.storyboard in Resources */,
				B011C7CD1FC7D925000286C4 /* Assets.xcassets in Resources */,
				B011C7CB1FC7D925000286C4 /* Main.storyboard in Resources */,
			);
			runOnlyForDeploymentPostprocessing = 0;
		};
		B011C7D41FC7D926000286C4 /* Resources */ = {
			isa = PBXResourcesBuildPhase;
			buildActionMask = 2147483647;
			files = (
			);
			runOnlyForDeploymentPostprocessing = 0;
		};
		B011C7DF1FC7D926000286C4 /* Resources */ = {
			isa = PBXResourcesBuildPhase;
			buildActionMask = 2147483647;
			files = (
			);
			runOnlyForDeploymentPostprocessing = 0;
		};
/* End PBXResourcesBuildPhase section */

/* Begin PBXSourcesBuildPhase section */
		B011C7BE1FC7D925000286C4 /* Sources */ = {
			isa = PBXSourcesBuildPhase;
			buildActionMask = 2147483647;
			files = (
				B011C7C81FC7D925000286C4 /* ViewController.swift in Sources */,
				B011C7C61FC7D925000286C4 /* AppDelegate.swift in Sources */,
			);
			runOnlyForDeploymentPostprocessing = 0;
		};
		B011C7D21FC7D926000286C4 /* Sources */ = {
			isa = PBXSourcesBuildPhase;
			buildActionMask = 2147483647;
			files = (
				B011C7DB1FC7D926000286C4 /* AfuroTests.swift in Sources */,
			);
			runOnlyForDeploymentPostprocessing = 0;
		};
		B011C7DD1FC7D926000286C4 /* Sources */ = {
			isa = PBXSourcesBuildPhase;
			buildActionMask = 2147483647;
			files = (
				B011C7E61FC7D926000286C4 /* AfuroUITests.swift in Sources */,
			);
			runOnlyForDeploymentPostprocessing = 0;
		};
/* End PBXSourcesBuildPhase section */

/* Begin PBXTargetDependency section */
		B011C7D81FC7D926000286C4 /* PBXTargetDependency */ = {
			isa = PBXTargetDependency;
			target = B011C7C11FC7D925000286C4 /* Afuro */;
			targetProxy = B011C7D71FC7D926000286C4 /* PBXContainerItemProxy */;
		};
		B011C7E31FC7D926000286C4 /* PBXTargetDependency */ = {
			isa = PBXTargetDependency;
			target = B011C7C11FC7D925000286C4 /* Afuro */;
			targetProxy = B011C7E21FC7D926000286C4 /* PBXContainerItemProxy */;
		};
/* End PBXTargetDependency section */

/* Begin PBXVariantGroup section */
		B011C7C91FC7D925000286C4 /* Main.storyboard */ = {
			isa = PBXVariantGroup;
			children = (
				B011C7CA1FC7D925000286C4 /* Base */,
			);
			name = Main.storyboard;
			sourceTree = "<group>";
		};
		B011C7CE1FC7D925000286C4 /* LaunchScreen.storyboard */ = {
			isa = PBXVariantGroup;
			children = (
				B011C7CF1FC7D925000286C4 /* Base */,
			);
			name = LaunchScreen.storyboard;
			sourceTree = "<group>";
		};
/* End PBXVariantGroup section */

/* Begin XCBuildConfiguration section */
		B011C7E81FC7D926000286C4 /* Debug */ = {
			isa = XCBuildConfiguration;
			buildSettings = {
				ALWAYS_SEARCH_USER_PATHS = NO;
				CLANG_ANALYZER_NONNULL = YES;
				CLANG_ANALYZER_NUMBER_OBJECT_CONVERSION = YES_AGGRESSIVE;
				CLANG_CXX_LANGUAGE_STANDARD = "gnu++14";
				CLANG_CXX_LIBRARY = "libc++";
				CLANG_ENABLE_MODULES = YES;
				CLANG_ENABLE_OBJC_ARC = YES;
				CLANG_WARN_BLOCK_CAPTURE_AUTORELEASING = YES;
				CLANG_WARN_BOOL_CONVERSION = YES;
				CLANG_WARN_COMMA = YES;
				CLANG_WARN_CONSTANT_CONVERSION = YES;
				CLANG_WARN_DIRECT_OBJC_ISA_USAGE = YES_ERROR;
				CLANG_WARN_DOCUMENTATION_COMMENTS = YES;
				CLANG_WARN_EMPTY_BODY = YES;
				CLANG_WARN_ENUM_CONVERSION = YES;
				CLANG_WARN_INFINITE_RECURSION = YES;
				CLANG_WARN_INT_CONVERSION = YES;
				CLANG_WARN_NON_LITERAL_NULL_CONVERSION = YES;
				CLANG_WARN_OBJC_LITERAL_CONVERSION = YES;
				CLANG_WARN_OBJC_ROOT_CLASS = YES_ERROR;
				CLANG_WARN_RANGE_LOOP_ANALYSIS = YES;
				CLANG_WARN_STRICT_PROTOTYPES = YES;
				CLANG_WARN_SUSPICIOUS_MOVE = YES;
				CLANG_WARN_UNGUARDED_AVAILABILITY = YES_AGGRESSIVE;
				CLANG_WARN_UNREACHABLE_CODE = YES;
				CLANG_WARN__DUPLICATE_METHOD_MATCH = YES;
				CODE_SIGN_IDENTITY = "iPhone Developer";
				COPY_PHASE_STRIP = NO;
				DEBUG_INFORMATION_FORMAT = dwarf;
				ENABLE_STRICT_OBJC_MSGSEND = YES;
				ENABLE_TESTABILITY = YES;
				GCC_C_LANGUAGE_STANDARD = gnu11;
				GCC_DYNAMIC_NO_PIC = NO;
				GCC_NO_COMMON_BLOCKS = YES;
				GCC_OPTIMIZATION_LEVEL = 0;
				GCC_PREPROCESSOR_DEFINITIONS = (
					"DEBUG=1",
					"$(inherited)",
				);
				GCC_WARN_64_TO_32_BIT_CONVERSION = YES;
				GCC_WARN_ABOUT_RETURN_TYPE = YES_ERROR;
				GCC_WARN_UNDECLARED_SELECTOR = YES;
				GCC_WARN_UNINITIALIZED_AUTOS = YES_AGGRESSIVE;
				GCC_WARN_UNUSED_FUNCTION = YES;
				GCC_WARN_UNUSED_VARIABLE = YES;
				IPHONEOS_DEPLOYMENT_TARGET = 11.1;
				MTL_ENABLE_DEBUG_INFO = YES;
				ONLY_ACTIVE_ARCH = YES;
				SDKROOT = iphoneos;
				SWIFT_ACTIVE_COMPILATION_CONDITIONS = DEBUG;
				SWIFT_OPTIMIZATION_LEVEL = "-Onone";
			};
			name = Debug;
		};
		B011C7E91FC7D926000286C4 /* Release */ = {
			isa = XCBuildConfiguration;
			buildSettings = {
				ALWAYS_SEARCH_USER_PATHS = NO;
				CLANG_ANALYZER_NONNULL = YES;
				CLANG_ANALYZER_NUMBER_OBJECT_CONVERSION = YES_AGGRESSIVE;
				CLANG_CXX_LANGUAGE_STANDARD = "gnu++14";
				CLANG_CXX_LIBRARY = "libc++";
				CLANG_ENABLE_MODULES = YES;
				CLANG_ENABLE_OBJC_ARC = YES;
				CLANG_WARN_BLOCK_CAPTURE_AUTORELEASING = YES;
				CLANG_WARN_BOOL_CONVERSION = YES;
				CLANG_WARN_COMMA = YES;
				CLANG_WARN_CONSTANT_CONVERSION = YES;
				CLANG_WARN_DIRECT_OBJC_ISA_USAGE = YES_ERROR;
				CLANG_WARN_DOCUMENTATION_COMMENTS = YES;
				CLANG_WARN_EMPTY_BODY = YES;
				CLANG_WARN_ENUM_CONVERSION = YES;
				CLANG_WARN_INFINITE_RECURSION = YES;
				CLANG_WARN_INT_CONVERSION = YES;
				CLANG_WARN_NON_LITERAL_NULL_CONVERSION = YES;
				CLANG_WARN_OBJC_LITERAL_CONVERSION = YES;
				CLANG_WARN_OBJC_ROOT_CLASS = YES_ERROR;
				CLANG_WARN_RANGE_LOOP_ANALYSIS = YES;
				CLANG_WARN_STRICT_PROTOTYPES = YES;
				CLANG_WARN_SUSPICIOUS_MOVE = YES;
				CLANG_WARN_UNGUARDED_AVAILABILITY = YES_AGGRESSIVE;
				CLANG_WARN_UNREACHABLE_CODE = YES;
				CLANG_WARN__DUPLICATE_METHOD_MATCH = YES;
				CODE_SIGN_IDENTITY = "iPhone Developer";
				COPY_PHASE_STRIP = NO;
				DEBUG_INFORMATION_FORMAT = "dwarf-with-dsym";
				ENABLE_NS_ASSERTIONS = NO;
				ENABLE_STRICT_OBJC_MSGSEND = YES;
				GCC_C_LANGUAGE_STANDARD = gnu11;
				GCC_NO_COMMON_BLOCKS = YES;
				GCC_WARN_64_TO_32_BIT_CONVERSION = YES;
				GCC_WARN_ABOUT_RETURN_TYPE = YES_ERROR;
				GCC_WARN_UNDECLARED_SELECTOR = YES;
				GCC_WARN_UNINITIALIZED_AUTOS = YES_AGGRESSIVE;
				GCC_WARN_UNUSED_FUNCTION = YES;
				GCC_WARN_UNUSED_VARIABLE = YES;
				IPHONEOS_DEPLOYMENT_TARGET = 11.1;
				MTL_ENABLE_DEBUG_INFO = NO;
				SDKROOT = iphoneos;
				SWIFT_OPTIMIZATION_LEVEL = "-Owholemodule";
				VALIDATE_PRODUCT = YES;
			};
			name = Release;
		};
		B011C7EB1FC7D926000286C4 /* Debug */ = {
			isa = XCBuildConfiguration;
			buildSettings = {
				ASSETCATALOG_COMPILER_APPICON_NAME = AppIcon;
				CODE_SIGN_STYLE = Automatic;
				DEVELOPMENT_TEAM = UDN7C83R23;
				INFOPLIST_FILE = Afuro/Info.plist;
				LD_RUNPATH_SEARCH_PATHS = "$(inherited) @executable_path/Frameworks";
				PRODUCT_BUNDLE_IDENTIFIER = Ryukyu.Afuro;
				PRODUCT_NAME = "$(TARGET_NAME)";
				SWIFT_VERSION = 4.0;
				TARGETED_DEVICE_FAMILY = "1,2";
			};
			name = Debug;
		};
		B011C7EC1FC7D926000286C4 /* Release */ = {
			isa = XCBuildConfiguration;
			buildSettings = {
				ASSETCATALOG_COMPILER_APPICON_NAME = AppIcon;
				CODE_SIGN_STYLE = Automatic;
				DEVELOPMENT_TEAM = UDN7C83R23;
				INFOPLIST_FILE = Afuro/Info.plist;
				LD_RUNPATH_SEARCH_PATHS = "$(inherited) @executable_path/Frameworks";
				PRODUCT_BUNDLE_IDENTIFIER = Ryukyu.Afuro;
				PRODUCT_NAME = "$(TARGET_NAME)";
				SWIFT_VERSION = 4.0;
				TARGETED_DEVICE_FAMILY = "1,2";
			};
			name = Release;
		};
		B011C7EE1FC7D926000286C4 /* Debug */ = {
			isa = XCBuildConfiguration;
			buildSettings = {
				ALWAYS_EMBED_SWIFT_STANDARD_LIBRARIES = YES;
				BUNDLE_LOADER = "$(TEST_HOST)";
				CODE_SIGN_STYLE = Automatic;
				DEVELOPMENT_TEAM = UDN7C83R23;
				INFOPLIST_FILE = AfuroTests/Info.plist;
				LD_RUNPATH_SEARCH_PATHS = "$(inherited) @executable_path/Frameworks @loader_path/Frameworks";
				PRODUCT_BUNDLE_IDENTIFIER = Ryukyu.AfuroTests;
				PRODUCT_NAME = "$(TARGET_NAME)";
				SWIFT_VERSION = 4.0;
				TARGETED_DEVICE_FAMILY = "1,2";
				TEST_HOST = "$(BUILT_PRODUCTS_DIR)/Afuro.app/Afuro";
			};
			name = Debug;
		};
		B011C7EF1FC7D926000286C4 /* Release */ = {
			isa = XCBuildConfiguration;
			buildSettings = {
				ALWAYS_EMBED_SWIFT_STANDARD_LIBRARIES = YES;
				BUNDLE_LOADER = "$(TEST_HOST)";
				CODE_SIGN_STYLE = Automatic;
				DEVELOPMENT_TEAM = UDN7C83R23;
				INFOPLIST_FILE = AfuroTests/Info.plist;
				LD_RUNPATH_SEARCH_PATHS = "$(inherited) @executable_path/Frameworks @loader_path/Frameworks";
				PRODUCT_BUNDLE_IDENTIFIER = Ryukyu.AfuroTests;
				PRODUCT_NAME = "$(TARGET_NAME)";
				SWIFT_VERSION = 4.0;
				TARGETED_DEVICE_FAMILY = "1,2";
				TEST_HOST = "$(BUILT_PRODUCTS_DIR)/Afuro.app/Afuro";
			};
			name = Release;
		};
		B011C7F11FC7D926000286C4 /* Debug */ = {
			isa = XCBuildConfiguration;
			buildSettings = {
				ALWAYS_EMBED_SWIFT_STANDARD_LIBRARIES = YES;
				CODE_SIGN_STYLE = Automatic;
				DEVELOPMENT_TEAM = UDN7C83R23;
				INFOPLIST_FILE = AfuroUITests/Info.plist;
				LD_RUNPATH_SEARCH_PATHS = "$(inherited) @executable_path/Frameworks @loader_path/Frameworks";
				PRODUCT_BUNDLE_IDENTIFIER = Ryukyu.AfuroUITests;
				PRODUCT_NAME = "$(TARGET_NAME)";
				SWIFT_VERSION = 4.0;
				TARGETED_DEVICE_FAMILY = "1,2";
				TEST_TARGET_NAME = Afuro;
			};
			name = Debug;
		};
		B011C7F21FC7D926000286C4 /* Release */ = {
			isa = XCBuildConfiguration;
			buildSettings = {
				ALWAYS_EMBED_SWIFT_STANDARD_LIBRARIES = YES;
				CODE_SIGN_STYLE = Automatic;
				DEVELOPMENT_TEAM = UDN7C83R23;
				INFOPLIST_FILE = AfuroUITests/Info.plist;
				LD_RUNPATH_SEARCH_PATHS = "$(inherited) @executable_path/Frameworks @loader_path/Frameworks";
				PRODUCT_BUNDLE_IDENTIFIER = Ryukyu.AfuroUITests;
				PRODUCT_NAME = "$(TARGET_NAME)";
				SWIFT_VERSION = 4.0;
				TARGETED_DEVICE_FAMILY = "1,2";
				TEST_TARGET_NAME = Afuro;
			};
			name = Release;
		};
/* End XCBuildConfiguration section */

/* Begin XCConfigurationList section */
		B011C7BD1FC7D925000286C4 /* Build configuration list for PBXProject "Afuro" */ = {
			isa = XCConfigurationList;
			buildConfigurations = (
				B011C7E81FC7D926000286C4 /* Debug */,
				B011C7E91FC7D926000286C4 /* Release */,
			);
			defaultConfigurationIsVisible = 0;
			defaultConfigurationName = Release;
		};
		B011C7EA1FC7D926000286C4 /* Build configuration list for PBXNativeTarget "Afuro" */ = {
			isa = XCConfigurationList;
			buildConfigurations = (
				B011C7EB1FC7D926000286C4 /* Debug */,
				B011C7EC1FC7D926000286C4 /* Release */,
			);
			defaultConfigurationIsVisible = 0;
			defaultConfigurationName = Release;
		};
		B011C7ED1FC7D926000286C4 /* Build configuration list for PBXNativeTarget "AfuroTests" */ = {
			isa = XCConfigurationList;
			buildConfigurations = (
				B011C7EE1FC7D926000286C4 /* Debug */,
				B011C7EF1FC7D926000286C4 /* Release */,
			);
			defaultConfigurationIsVisible = 0;
			defaultConfigurationName = Release;
		};
		B011C7F01FC7D926000286C4 /* Build configuration list for PBXNativeTarget "AfuroUITests" */ = {
			isa = XCConfigurationList;
			buildConfigurations = (
				B011C7F11FC7D926000286C4 /* Debug */,
				B011C7F21FC7D926000286C4 /* Release */,
			);
			defaultConfigurationIsVisible = 0;
			defaultConfigurationName = Release;
		};
/* End XCConfigurationList section */
	};
	rootObject = B011C7BA1FC7D925000286C4 /* Project object */;
}
